
Microsoft Visual Studio Solution File, Format Version 12.00
# Visual Studio 2012
Project("{FAE04EC0-301F-11D3-BF4B-00C04F79EFBC}") = "Osis", "Osis\Osis.csproj", "{82BF388B-5CF1-4E9B-8CB6-0E004907A4C8}"
EndProject
Project("{FAE04EC0-301F-11D3-BF4B-00C04F79EFBC}") = "Osis.Tests", "Osis.Tests\Osis.Tests.csproj", "{8463300C-A0C3-4647-8C20-6226DF7D5E47}"
EndProject
Global
	GlobalSection(SolutionConfigurationPlatforms) = preSolution
		Debug|Any CPU = Debug|Any CPU
		Release|Any CPU = Release|Any CPU
	EndGlobalSection
	GlobalSection(ProjectConfigurationPlatforms) = postSolution
		{82BF388B-5CF1-4E9B-8CB6-0E004907A4C8}.Debug|Any CPU.ActiveCfg = Debug|Any CPU
		{82BF388B-5CF1-4E9B-8CB6-0E004907A4C8}.Debug|Any CPU.Build.0 = Debug|Any CPU
		{82BF388B-5CF1-4E9B-8CB6-0E004907A4C8}.Release|Any CPU.ActiveCfg = Release|Any CPU
		{82BF388B-5CF1-4E9B-8CB6-0E004907A4C8}.Release|Any CPU.Build.0 = Release|Any CPU
		{8463300C-A0C3-4647-8C20-6226DF7D5E47}.Debug|Any CPU.ActiveCfg = Debug|Any CPU
		{8463300C-A0C3-4647-8C20-6226DF7D5E47}.Debug|Any CPU.Build.0 = Debug|Any CPU
		{8463300C-A0C3-4647-8C20-6226DF7D5E47}.Release|Any CPU.ActiveCfg = Release|Any CPU
		{8463300C-A0C3-4647-8C20-6226DF7D5E47}.Release|Any CPU.Build.0 = Release|Any CPU
	EndGlobalSection
	GlobalSection(SolutionProperties) = preSolution
		HideSolutionNode = FALSE
	EndGlobalSection
EndGlobal
